# THIS IS AN AUTOGENERATED FILE. DO NOT EDIT THIS FILE DIRECTLY.
# yarn lockfile v1


"@babel/standalone@^7.15.3":
  version "7.15.3"
  resolved "https://registry.yarnpkg.com/@babel/standalone/-/standalone-7.15.3.tgz#60f74273202ffcc6bb1428918053449fe477227c"
  integrity sha512-Bst2YWEyQ2ROyO0+jxPVnnkSmUh44/x54+LSbe5M4N5LGfOkxpajEUKVE4ndXtIVrLlHCyuiqCPwv3eC1ItnCg==
